Microsoft Visual Studio Solution File, Format Version 12.00
# Visual Studio Version 17
VisualStudioVersion = 17.13.35825.156
MinimumVisualStudioVersion = 10.0.40219.1
Project("{9A19103F-16F7-4668-BE54-9A1E7A4F7556}") = "MySocket", "MySocket.csproj", "{3756B8E0-59D0-FB98-9AA5-5434472EC268}"
EndProject
Project("{9A19103F-16F7-4668-BE54-9A1E7A4F7556}") = "Listas", "..\Listas\Listas.csproj", "{8B89332E-D05E-46B9-87C1-0A739D8125EB}"
EndProject
Project("{9A19103F-16F7-4668-BE54-9A1E7A4F7556}") = "ListasPruebas_v2", "..\ListasPruebas_v2\ListasPruebas_v2.csproj", "{66C9466D-2626-4F2B-865B-E9442FDF593A}"
EndProject
Project("{9A19103F-16F7-4668-BE54-9A1E7A4F7556}") = "Interfaces", "..\Interfaces\Interfaces.csproj", "{D5C0F2BE-947C-4225-8E99-F158823AB70D}"
EndProject
Project("{9A19103F-16F7-4668-BE54-9A1E7A4F7556}") = "Networking", "..\Networking\Networking.csproj", "{CCB298E9-1EF6-4C61-A6BF-135D26C45DD4}"
EndProject
Project("{9A19103F-16F7-4668-BE54-9A1E7A4F7556}") = "Mensajes.Pruebas", "..\Mensajes.Pruebas\Mensajes.Pruebas.csproj", "{9B99C7DD-FBFE-4FFD-86A3-1409BFF8CFC6}"
EndProject
Global
	GlobalSection(SolutionConfigurationPlatforms) = preSolution
		Debug|Any CPU = Debug|Any CPU
		Release|Any CPU = Release|Any CPU
	EndGlobalSection
	GlobalSection(ProjectConfigurationPlatforms) = postSolution
		{3756B8E0-59D0-FB98-9AA5-5434472EC268}.Debug|Any CPU.ActiveCfg = Debug|Any CPU
		{3756B8E0-59D0-FB98-9AA5-5434472EC268}.Debug|Any CPU.Build.0 = Debug|Any CPU
		{3756B8E0-59D0-FB98-9AA5-5434472EC268}.Release|Any CPU.ActiveCfg = Release|Any CPU
		{3756B8E0-59D0-FB98-9AA5-5434472EC268}.Release|Any CPU.Build.0 = Release|Any CPU
		{8B89332E-D05E-46B9-87C1-0A739D8125EB}.Debug|Any CPU.ActiveCfg = Debug|Any CPU
		{8B89332E-D05E-46B9-87C1-0A739D8125EB}.Debug|Any CPU.Build.0 = Debug|Any CPU
		{8B89332E-D05E-46B9-87C1-0A739D8125EB}.Release|Any CPU.ActiveCfg = Release|Any CPU
		{8B89332E-D05E-46B9-87C1-0A739D8125EB}.Release|Any CPU.Build.0 = Release|Any CPU
		{66C9466D-2626-4F2B-865B-E9442FDF593A}.Debug|Any CPU.ActiveCfg = Debug|Any CPU
		{66C9466D-2626-4F2B-865B-E9442FDF593A}.Debug|Any CPU.Build.0 = Debug|Any CPU
		{66C9466D-2626-4F2B-865B-E9442FDF593A}.Release|Any CPU.ActiveCfg = Release|Any CPU
		{66C9466D-2626-4F2B-865B-E9442FDF593A}.Release|Any CPU.Build.0 = Release|Any CPU
		{D5C0F2BE-947C-4225-8E99-F158823AB70D}.Debug|Any CPU.ActiveCfg = Debug|Any CPU
		{D5C0F2BE-947C-4225-8E99-F158823AB70D}.Debug|Any CPU.Build.0 = Debug|Any CPU
		{D5C0F2BE-947C-4225-8E99-F158823AB70D}.Release|Any CPU.ActiveCfg = Release|Any CPU
		{D5C0F2BE-947C-4225-8E99-F158823AB70D}.Release|Any CPU.Build.0 = Release|Any CPU
		{CCB298E9-1EF6-4C61-A6BF-135D26C45DD4}.Debug|Any CPU.ActiveCfg = Debug|Any CPU
		{CCB298E9-1EF6-4C61-A6BF-135D26C45DD4}.Debug|Any CPU.Build.0 = Debug|Any CPU
		{CCB298E9-1EF6-4C61-A6BF-135D26C45DD4}.Release|Any CPU.ActiveCfg = Release|Any CPU
		{CCB298E9-1EF6-4C61-A6BF-135D26C45DD4}.Release|Any CPU.Build.0 = Release|Any CPU
		{9B99C7DD-FBFE-4FFD-86A3-1409BFF8CFC6}.Debug|Any CPU.ActiveCfg = Debug|Any CPU
		{9B99C7DD-FBFE-4FFD-86A3-1409BFF8CFC6}.Debug|Any CPU.Build.0 = Debug|Any CPU
		{9B99C7DD-FBFE-4FFD-86A3-1409BFF8CFC6}.Release|Any CPU.ActiveCfg = Release|Any CPU
		{9B99C7DD-FBFE-4FFD-86A3-1409BFF8CFC6}.Release|Any CPU.Build.0 = Release|Any CPU
	EndGlobalSection
	GlobalSection(SolutionProperties) = preSolution
		HideSolutionNode = FALSE
	EndGlobalSection
	GlobalSection(ExtensibilityGlobals) = postSolution
		SolutionGuid = {99139331-A6CB-4882-8B83-3FFC47683C71}
	EndGlobalSection
EndGlobal
